{
    "_readme": [
        "This file locks the dependencies of your project to a known state",
        "Read more about it at https://getcomposer.org/doc/01-basic-usage.md#installing-dependencies",
        "This file is @generated automatically"
    ],
    "content-hash": "29b3b147aa727dbb4932f1708e64dc39",
    "packages": [
        {
            "name": "iamapinan/pdf-html5-page-flip",
            "version": "0.0.1",
            "source": {
                "type": "git",
                "url": "https://github.com/iamapinan/pdf-html5-page-flip.git",
                "reference": "master"
            },
            "type": "library"
        }
    ],
    "packages-dev": [],
    "aliases": [],
    "minimum-stability": "stable",
    "stability-flags": [],
    "prefer-stable": false,
    "prefer-lowest": false,
    "platform": [],
    "platform-dev": [],
    "plugin-api-version": "2.1.0"
}
